Microsoft Visual Studio Solution File, Format Version 12.00
# Visual Studio Version 16
Project("{8BC9CEB8-8B4A-11D0-8D11-00A0C91BC942}") = "Client", "E:/study/QtProject/Qt-Practice/5-ServerAndClient/ServerAndClient/Client\Client.vcxproj", "{40919DAF-F25D-383F-A1BF-F263B5A44122}"
EndProject
Project("{8BC9CEB8-8B4A-11D0-8D11-00A0C91BC942}") = "Server", "E:/study/QtProject/Qt-Practice/5-ServerAndClient/ServerAndClient/Server\Server.vcxproj", "{411252FB-A8DD-3658-8D82-9DD655A6D67F}"
EndProject
Global
	GlobalSection(SolutionConfigurationPlatforms) = preSolution
		Debug|x64 = Debug|x64
		Release|x64 = Release|x64
	EndGlobalSection
	GlobalSection(ProjectConfigurationPlatforms) = postSolution
		{40919DAF-F25D-383F-A1BF-F263B5A44122}.Debug|x64.ActiveCfg = Debug|x64
		{40919DAF-F25D-383F-A1BF-F263B5A44122}.Debug|x64.Build.0 = Debug|x64
		{40919DAF-F25D-383F-A1BF-F263B5A44122}.Release|x64.ActiveCfg = Release|x64
		{40919DAF-F25D-383F-A1BF-F263B5A44122}.Release|x64.Build.0 = Release|x64
		{411252FB-A8DD-3658-8D82-9DD655A6D67F}.Debug|x64.ActiveCfg = Debug|x64
		{411252FB-A8DD-3658-8D82-9DD655A6D67F}.Debug|x64.Build.0 = Debug|x64
		{411252FB-A8DD-3658-8D82-9DD655A6D67F}.Release|x64.ActiveCfg = Release|x64
		{411252FB-A8DD-3658-8D82-9DD655A6D67F}.Release|x64.Build.0 = Release|x64
	EndGlobalSection
	GlobalSection(ExtensibilityGlobals) = postSolution
	EndGlobalSection
	GlobalSection(ExtensibilityAddIns) = postSolution
	EndGlobalSection
EndGlobal